
Microsoft Visual Studio Solution File, Format Version 12.00
# Visual Studio 2013
VisualStudioVersion = 12.0.21005.1
MinimumVisualStudioVersion = 10.0.40219.1
Project("{FAE04EC0-301F-11D3-BF4B-00C04F79EFBC}") = "mucss", "mucss.csproj", "{336C3F67-66EC-4EFF-94EC-1222C4A7EE09}"
EndProject
Project("{FAE04EC0-301F-11D3-BF4B-00C04F79EFBC}") = "mucss_test", "mucss_test\mucss_test.csproj", "{63A20756-D32E-4BA9-9E7F-6BD44D0E0BCF}"
EndProject
Global
	GlobalSection(SolutionConfigurationPlatforms) = preSolution
		Debug|Any CPU = Debug|Any CPU
		Release|Any CPU = Release|Any CPU
	EndGlobalSection
	GlobalSection(ProjectConfigurationPlatforms) = postSolution
		{336C3F67-66EC-4EFF-94EC-1222C4A7EE09}.Debug|Any CPU.ActiveCfg = Debug|Any CPU
		{336C3F67-66EC-4EFF-94EC-1222C4A7EE09}.Debug|Any CPU.Build.0 = Debug|Any CPU
		{336C3F67-66EC-4EFF-94EC-1222C4A7EE09}.Release|Any CPU.ActiveCfg = Release|Any CPU
		{336C3F67-66EC-4EFF-94EC-1222C4A7EE09}.Release|Any CPU.Build.0 = Release|Any CPU
		{63A20756-D32E-4BA9-9E7F-6BD44D0E0BCF}.Debug|Any CPU.ActiveCfg = Debug|Any CPU
		{63A20756-D32E-4BA9-9E7F-6BD44D0E0BCF}.Debug|Any CPU.Build.0 = Debug|Any CPU
		{63A20756-D32E-4BA9-9E7F-6BD44D0E0BCF}.Release|Any CPU.ActiveCfg = Release|Any CPU
		{63A20756-D32E-4BA9-9E7F-6BD44D0E0BCF}.Release|Any CPU.Build.0 = Release|Any CPU
	EndGlobalSection
	GlobalSection(SolutionProperties) = preSolution
		HideSolutionNode = FALSE
	EndGlobalSection
EndGlobal
